
Microsoft Visual Studio Solution File, Format Version 12.00
# Visual Studio Version 16
VisualStudioVersion = 16.0.32413.511
MinimumVisualStudioVersion = 10.0.40219.1
Project("{FAE04EC0-301F-11D3-BF4B-00C04F79EFBC}") = "asal_sayi_odev", "asal_sayi_odev\asal_sayi_odev.csproj", "{A007B758-59F2-42A0-91AB-D9D77DD9230E}"
EndProject
Global
	GlobalSection(SolutionConfigurationPlatforms) = preSolution
		Debug|Any CPU = Debug|Any CPU
		Release|Any CPU = Release|Any CPU
	EndGlobalSection
	GlobalSection(ProjectConfigurationPlatforms) = postSolution
		{A007B758-59F2-42A0-91AB-D9D77DD9230E}.Debug|Any CPU.ActiveCfg = Debug|Any CPU
		{A007B758-59F2-42A0-91AB-D9D77DD9230E}.Debug|Any CPU.Build.0 = Debug|Any CPU
		{A007B758-59F2-42A0-91AB-D9D77DD9230E}.Release|Any CPU.ActiveCfg = Release|Any CPU
		{A007B758-59F2-42A0-91AB-D9D77DD9230E}.Release|Any CPU.Build.0 = Release|Any CPU
	EndGlobalSection
	GlobalSection(SolutionProperties) = preSolution
		HideSolutionNode = FALSE
	EndGlobalSection
	GlobalSection(ExtensibilityGlobals) = postSolution
		SolutionGuid = {8C60C3E3-577A-4646-9E79-AA6160FFABA2}
	EndGlobalSection
EndGlobal
